
Microsoft Visual Studio Solution File, Format Version 12.00
# Visual Studio Version 17
VisualStudioVersion = 17.3.32922.545
MinimumVisualStudioVersion = 10.0.40219.1
Project("{FAE04EC0-301F-11D3-BF4B-00C04F79EFBC}") = "SocialMedia", "SocialMedia.csproj", "{DF21CB3B-7242-4DCD-B3F1-3D9B764E64D8}"
EndProject
Global
	GlobalSection(SolutionConfigurationPlatforms) = preSolution
		Debug|Any CPU = Debug|Any CPU
		Release|Any CPU = Release|Any CPU
	EndGlobalSection
	GlobalSection(ProjectConfigurationPlatforms) = postSolution
		{DF21CB3B-7242-4DCD-B3F1-3D9B764E64D8}.Debug|Any CPU.ActiveCfg = Debug|Any CPU
		{DF21CB3B-7242-4DCD-B3F1-3D9B764E64D8}.Debug|Any CPU.Build.0 = Debug|Any CPU
		{DF21CB3B-7242-4DCD-B3F1-3D9B764E64D8}.Release|Any CPU.ActiveCfg = Release|Any CPU
		{DF21CB3B-7242-4DCD-B3F1-3D9B764E64D8}.Release|Any CPU.Build.0 = Release|Any CPU
	EndGlobalSection
	GlobalSection(SolutionProperties) = preSolution
		HideSolutionNode = FALSE
	EndGlobalSection
	GlobalSection(ExtensibilityGlobals) = postSolution
		SolutionGuid = {B6E03326-59B5-4555-881F-4DAD15564EF7}
	EndGlobalSection
EndGlobal
